
Microsoft Visual Studio Solution File, Format Version 12.00
# Visual Studio Version 17
VisualStudioVersion = 17.12.35527.113
MinimumVisualStudioVersion = 10.0.40219.1
Project("{FAE04EC0-301F-11D3-BF4B-00C04F79EFBC}") = "BancoDigitalAPI", "BancoDigitalAPI\BancoDigitalAPI.csproj", "{3AB6E825-4177-4E77-9C27-A083ED30F32F}"
EndProject
Project("{FAE04EC0-301F-11D3-BF4B-00C04F79EFBC}") = "Testes", "Tests\Testes.csproj", "{30559222-C0FC-4C80-B0AE-AB637ABA7748}"
EndProject
Global
	GlobalSection(SolutionConfigurationPlatforms) = preSolution
		Debug|Any CPU = Debug|Any CPU
		Release|Any CPU = Release|Any CPU
	EndGlobalSection
	GlobalSection(ProjectConfigurationPlatforms) = postSolution
		{3AB6E825-4177-4E77-9C27-A083ED30F32F}.Debug|Any CPU.ActiveCfg = Debug|Any CPU
		{3AB6E825-4177-4E77-9C27-A083ED30F32F}.Debug|Any CPU.Build.0 = Debug|Any CPU
		{3AB6E825-4177-4E77-9C27-A083ED30F32F}.Release|Any CPU.ActiveCfg = Release|Any CPU
		{3AB6E825-4177-4E77-9C27-A083ED30F32F}.Release|Any CPU.Build.0 = Release|Any CPU
		{30559222-C0FC-4C80-B0AE-AB637ABA7748}.Debug|Any CPU.ActiveCfg = Debug|Any CPU
		{30559222-C0FC-4C80-B0AE-AB637ABA7748}.Debug|Any CPU.Build.0 = Debug|Any CPU
		{30559222-C0FC-4C80-B0AE-AB637ABA7748}.Release|Any CPU.ActiveCfg = Release|Any CPU
		{30559222-C0FC-4C80-B0AE-AB637ABA7748}.Release|Any CPU.Build.0 = Release|Any CPU
	EndGlobalSection
	GlobalSection(SolutionProperties) = preSolution
		HideSolutionNode = FALSE
	EndGlobalSection
EndGlobal
